// !$*UTF8*$!
{
	archiveVersion = 1;
	classes = {
	};
	objectVersion = 46;
	objects = {

/* Begin PBXBuildFile section */
		A530ADA31D12C1A40058087B /* WiFiDomainTableViewCell.swift in Sources */ = {isa = PBXBuildFile; fileRef = A530ADA21D12C1A40058087B /* WiFiDomainTableViewCell.swift */; };
		A530ADA51D12CAD30058087B /* WiFiDomainListTableViewController.swift in Sources */ = {isa = PBXBuildFile; fileRef = A530ADA41D12CAD30058087B /* WiFiDomainListTableViewController.swift */; };
		A530ADA71D12CC730058087B /* WiFiDomain.swift in Sources */ = {isa = PBXBuildFile; fileRef = A530ADA61D12CC730058087B /* WiFiDomain.swift */; };
		A53EDEE11D1564F000502DF6 /* ConfigWiFiViewController.swift in Sources */ = {isa = PBXBuildFile; fileRef = A53EDEE01D1564F000502DF6 /* ConfigWiFiViewController.swift */; };
		A54B71451D16309E00082781 /* TCPClient.swift in Sources */ = {isa = PBXBuildFile; fileRef = A54B71441D16309E00082781 /* TCPClient.swift */; };
		A54B71471D16337500082781 /* ConfigureWiFiCommand.swift in Sources */ = {isa = PBXBuildFile; fileRef = A54B71461D16337500082781 /* ConfigureWiFiCommand.swift */; };
		A54B714B1D1640BF00082781 /* ytcpsocket.c in Sources */ = {isa = PBXBuildFile; fileRef = A54B71491D1640BF00082781 /* ytcpsocket.c */; };
		A54B714F1D166F0A00082781 /* File in Resources */ = {isa = PBXBuildFile; fileRef = A54B714E1D166F0A00082781 /* File */; };
		A54B71531D166F7100082781 /* Settings.bundle in Resources */ = {isa = PBXBuildFile; fileRef = A54B71521D166F7100082781 /* Settings.bundle */; };
		A570A1EF1D083DDD00250B9F /* AppDelegate.swift in Sources */ = {isa = PBXBuildFile; fileRef = A570A1EE1D083DDD00250B9F /* AppDelegate.swift */; };
		A570A1F61D083DDD00250B9F /* Main.storyboard in Resources */ = {isa = PBXBuildFile; fileRef = A570A1F41D083DDD00250B9F /* Main.storyboard */; };
		A570A1F81D083DDD00250B9F /* Assets.xcassets in Resources */ = {isa = PBXBuildFile; fileRef = A570A1F71D083DDD00250B9F /* Assets.xcassets */; };
		A570A1FB1D083DDD00250B9F /* LaunchScreen.storyboard in Resources */ = {isa = PBXBuildFile; fileRef = A570A1F91D083DDD00250B9F /* LaunchScreen.storyboard */; };
/* End PBXBuildFile section */

/* Begin PBXFileReference section */
		A530ADA21D12C1A40058087B /* WiFiDomainTableViewCell.swift */ = {isa = PBXFileReference; fileEncoding = 4; lastKnownFileType = sourcecode.swift; path = WiFiDomainTableViewCell.swift; sourceTree = "<group>"; };
		A530ADA41D12CAD30058087B /* WiFiDomainListTableViewController.swift */ = {isa = PBXFileReference; fileEncoding = 4; lastKnownFileType = sourcecode.swift; path = WiFiDomainListTableViewController.swift; sourceTree = "<group>"; };
		A530ADA61D12CC730058087B /* WiFiDomain.swift */ = {isa = PBXFileReference; fileEncoding = 4; lastKnownFileType = sourcecode.swift; path = WiFiDomain.swift; sourceTree = "<group>"; };
		A53EDEE01D1564F000502DF6 /* ConfigWiFiViewController.swift */ = {isa = PBXFileReference; fileEncoding = 4; lastKnownFileType = sourcecode.swift; path = ConfigWiFiViewController.swift; sourceTree = "<group>"; };
		A54B71441D16309E00082781 /* TCPClient.swift */ = {isa = PBXFileReference; fileEncoding = 4; lastKnownFileType = sourcecode.swift; path = TCPClient.swift; sourceTree = "<group>"; };
		A54B71461D16337500082781 /* ConfigureWiFiCommand.swift */ = {isa = PBXFileReference; fileEncoding = 4; lastKnownFileType = sourcecode.swift; path = ConfigureWiFiCommand.swift; sourceTree = "<group>"; };
		A54B71481D1640BE00082781 /* ZipWiFiConfigurator-Bridging-Header.h */ = {isa = PBXFileReference; lastKnownFileType = sourcecode.c.h; path = "ZipWiFiConfigurator-Bridging-Header.h"; sourceTree = "<group>"; };
		A54B71491D1640BF00082781 /* ytcpsocket.c */ = {isa = PBXFileReference; fileEncoding = 4; lastKnownFileType = sourcecode.c.c; path = ytcpsocket.c; sourceTree = "<group>"; };
		A54B714A1D1640BF00082781 /* ytcpsocket.h */ = {isa = PBXFileReference; fileEncoding = 4; lastKnownFileType = sourcecode.c.h; path = ytcpsocket.h; sourceTree = "<group>"; };
		A54B714E1D166F0A00082781 /* File */ = {isa = PBXFileReference; fileEncoding = 4; lastKnownFileType = text; path = File; sourceTree = "<group>"; };
		A54B71521D166F7100082781 /* Settings.bundle */ = {isa = PBXFileReference; lastKnownFileType = "wrapper.plug-in"; path = Settings.bundle; sourceTree = "<group>"; };
		A570A1EB1D083DDD00250B9F /* ZipWiFiConfigurator.app */ = {isa = PBXFileReference; explicitFileType = wrapper.application; includeInIndex = 0; path = ZipWiFiConfigurator.app; sourceTree = BUILT_PRODUCTS_DIR; };
		A570A1EE1D083DDD00250B9F /* AppDelegate.swift */ = {isa = PBXFileReference; lastKnownFileType = sourcecode.swift; path = AppDelegate.swift; sourceTree = "<group>"; };
		A570A1F51D083DDD00250B9F /* Base */ = {isa = PBXFileReference; lastKnownFileType = file.storyboard; name = Base; path = Base.lproj/Main.storyboard; sourceTree = "<group>"; };
		A570A1F71D083DDD00250B9F /* Assets.xcassets */ = {isa = PBXFileReference; lastKnownFileType = folder.assetcatalog; path = Assets.xcassets; sourceTree = "<group>"; };
		A570A1FA1D083DDD00250B9F /* Base */ = {isa = PBXFileReference; lastKnownFileType = file.storyboard; name = Base; path = Base.lproj/LaunchScreen.storyboard; sourceTree = "<group>"; };
		A570A1FC1D083DDD00250B9F /* Info.plist */ = {isa = PBXFileReference; lastKnownFileType = text.plist.xml; path = Info.plist; sourceTree = "<group>"; };
/* End PBXFileReference section */

/* Begin PBXFrameworksBuildPhase section */
		A570A1E81D083DDD00250B9F /* Frameworks */ = {
			isa = PBXFrameworksBuildPhase;
			buildActionMask = 2147483647;
			files = (
			);
			runOnlyForDeploymentPostprocessing = 0;
		};
/* End PBXFrameworksBuildPhase section */

/* Begin PBXGroup section */
		A570A1E21D083DDD00250B9F = {
			isa = PBXGroup;
			children = (
				A54B71521D166F7100082781 /* Settings.bundle */,
				A54B714E1D166F0A00082781 /* File */,
				A570A1ED1D083DDD00250B9F /* ZipWiFiConfigurator */,
				A570A1EC1D083DDD00250B9F /* Products */,
			);
			sourceTree = "<group>";
		};
		A570A1EC1D083DDD00250B9F /* Products */ = {
			isa = PBXGroup;
			children = (
				A570A1EB1D083DDD00250B9F /* ZipWiFiConfigurator.app */,
			);
			name = Products;
			sourceTree = "<group>";
		};
		A570A1ED1D083DDD00250B9F /* ZipWiFiConfigurator */ = {
			isa = PBXGroup;
			children = (
				A570A1EE1D083DDD00250B9F /* AppDelegate.swift */,
				A53EDEE01D1564F000502DF6 /* ConfigWiFiViewController.swift */,
				A570A1F41D083DDD00250B9F /* Main.storyboard */,
				A530ADA21D12C1A40058087B /* WiFiDomainTableViewCell.swift */,
				A530ADA61D12CC730058087B /* WiFiDomain.swift */,
				A530ADA41D12CAD30058087B /* WiFiDomainListTableViewController.swift */,
				A570A1F71D083DDD00250B9F /* Assets.xcassets */,
				A570A1F91D083DDD00250B9F /* LaunchScreen.storyboard */,
				A570A1FC1D083DDD00250B9F /* Info.plist */,
				A54B71441D16309E00082781 /* TCPClient.swift */,
				A54B71461D16337500082781 /* ConfigureWiFiCommand.swift */,
				A54B71491D1640BF00082781 /* ytcpsocket.c */,
				A54B714A1D1640BF00082781 /* ytcpsocket.h */,
				A54B71481D1640BE00082781 /* ZipWiFiConfigurator-Bridging-Header.h */,
			);
			path = ZipWiFiConfigurator;
			sourceTree = "<group>";
		};
/* End PBXGroup section */

/* Begin PBXNativeTarget section */
		A570A1EA1D083DDD00250B9F /* ZipWiFiConfigurator */ = {
			isa = PBXNativeTarget;
			buildConfigurationList = A570A1FF1D083DDD00250B9F /* Build configuration list for PBXNativeTarget "ZipWiFiConfigurator" */;
			buildPhases = (
				A570A1E71D083DDD00250B9F /* Sources */,
				A570A1E81D083DDD00250B9F /* Frameworks */,
				A570A1E91D083DDD00250B9F /* Resources */,
			);
			buildRules = (
			);
			dependencies = (
			);
			name = ZipWiFiConfigurator;
			productName = ZipWiFiConfigurator;
			productReference = A570A1EB1D083DDD00250B9F /* ZipWiFiConfigurator.app */;
			productType = "com.apple.product-type.application";
		};
/* End PBXNativeTarget section */

/* Begin PBXProject section */
		A570A1E31D083DDD00250B9F /* Project object */ = {
			isa = PBXProject;
			attributes = {
				LastSwiftUpdateCheck = 0730;
				LastUpgradeCheck = 0730;
				ORGANIZATIONNAME = "Ferhat Hajdarpasic";
				TargetAttributes = {
					A570A1EA1D083DDD00250B9F = {
						CreatedOnToolsVersion = 7.3.1;
						DevelopmentTeam = WX3LDVJVY7;
					};
				};
			};
			buildConfigurationList = A570A1E61D083DDD00250B9F /* Build configuration list for PBXProject "ZipWiFiConfigurator" */;
			compatibilityVersion = "Xcode 3.2";
			developmentRegion = English;
			hasScannedForEncodings = 0;
			knownRegions = (
				en,
				Base,
			);
			mainGroup = A570A1E21D083DDD00250B9F;
			productRefGroup = A570A1EC1D083DDD00250B9F /* Products */;
			projectDirPath = "";
			projectRoot = "";
			targets = (
				A570A1EA1D083DDD00250B9F /* ZipWiFiConfigurator */,
			);
		};
/* End PBXProject section */

/* Begin PBXResourcesBuildPhase section */
		A570A1E91D083DDD00250B9F /* Resources */ = {
			isa = PBXResourcesBuildPhase;
			buildActionMask = 2147483647;
			files = (
				A570A1FB1D083DDD00250B9F /* LaunchScreen.storyboard in Resources */,
				A570A1F81D083DDD00250B9F /* Assets.xcassets in Resources */,
				A570A1F61D083DDD00250B9F /* Main.storyboard in Resources */,
				A54B71531D166F7100082781 /* Settings.bundle in Resources */,
				A54B714F1D166F0A00082781 /* File in Resources */,
			);
			runOnlyForDeploymentPostprocessing = 0;
		};
/* End PBXResourcesBuildPhase section */

/* Begin PBXSourcesBuildPhase section */
		A570A1E71D083DDD00250B9F /* Sources */ = {
			isa = PBXSourcesBuildPhase;
			buildActionMask = 2147483647;
			files = (
				A570A1EF1D083DDD00250B9F /* AppDelegate.swift in Sources */,
				A530ADA71D12CC730058087B /* WiFiDomain.swift in Sources */,
				A54B71451D16309E00082781 /* TCPClient.swift in Sources */,
				A54B71471D16337500082781 /* ConfigureWiFiCommand.swift in Sources */,
				A530ADA51D12CAD30058087B /* WiFiDomainListTableViewController.swift in Sources */,
				A53EDEE11D1564F000502DF6 /* ConfigWiFiViewController.swift in Sources */,
				A54B714B1D1640BF00082781 /* ytcpsocket.c in Sources */,
				A530ADA31D12C1A40058087B /* WiFiDomainTableViewCell.swift in Sources */,
			);
			runOnlyForDeploymentPostprocessing = 0;
		};
/* End PBXSourcesBuildPhase section */

/* Begin PBXVariantGroup section */
		A570A1F41D083DDD00250B9F /* Main.storyboard */ = {
			isa = PBXVariantGroup;
			children = (
				A570A1F51D083DDD00250B9F /* Base */,
			);
			name = Main.storyboard;
			sourceTree = "<group>";
		};
		A570A1F91D083DDD00250B9F /* LaunchScreen.storyboard */ = {
			isa = PBXVariantGroup;
			children = (
				A570A1FA1D083DDD00250B9F /* Base */,
			);
			name = LaunchScreen.storyboard;
			sourceTree = "<group>";
		};
/* End PBXVariantGroup section */

/* Begin XCBuildConfiguration section */
		A570A1FD1D083DDD00250B9F /* Debug */ = {
			isa = XCBuildConfiguration;
			buildSettings = {
				ALWAYS_SEARCH_USER_PATHS = NO;
				CLANG_ANALYZER_NONNULL = YES;
				CLANG_CXX_LANGUAGE_STANDARD = "gnu++0x";
				CLANG_CXX_LIBRARY = "libc++";
				CLANG_ENABLE_MODULES = YES;
				CLANG_ENABLE_OBJC_ARC = YES;
				CLANG_WARN_BOOL_CONVERSION = YES;
				CLANG_WARN_CONSTANT_CONVERSION = YES;
				CLANG_WARN_DIRECT_OBJC_ISA_USAGE = YES_ERROR;
				CLANG_WARN_EMPTY_BODY = YES;
				CLANG_WARN_ENUM_CONVERSION = YES;
				CLANG_WARN_INT_CONVERSION = YES;
				CLANG_WARN_OBJC_ROOT_CLASS = YES_ERROR;
				CLANG_WARN_UNREACHABLE_CODE = YES;
				CLANG_WARN__DUPLICATE_METHOD_MATCH = YES;
				"CODE_SIGN_IDENTITY[sdk=iphoneos*]" = "iPhone Developer";
				COPY_PHASE_STRIP = NO;
				DEBUG_INFORMATION_FORMAT = dwarf;
				ENABLE_STRICT_OBJC_MSGSEND = YES;
				ENABLE_TESTABILITY = YES;
				GCC_C_LANGUAGE_STANDARD = gnu99;
				GCC_DYNAMIC_NO_PIC = NO;
				GCC_NO_COMMON_BLOCKS = YES;
				GCC_OPTIMIZATION_LEVEL = 0;
				GCC_PREPROCESSOR_DEFINITIONS = (
					"DEBUG=1",
					"$(inherited)",
				);
				GCC_WARN_64_TO_32_BIT_CONVERSION = YES;
				GCC_WARN_ABOUT_RETURN_TYPE = YES_ERROR;
				GCC_WARN_UNDECLARED_SELECTOR = YES;
				GCC_WARN_UNINITIALIZED_AUTOS = YES_AGGRESSIVE;
				GCC_WARN_UNUSED_FUNCTION = YES;
				GCC_WARN_UNUSED_VARIABLE = YES;
				IPHONEOS_DEPLOYMENT_TARGET = 9.3;
				MTL_ENABLE_DEBUG_INFO = YES;
				ONLY_ACTIVE_ARCH = YES;
				SDKROOT = iphoneos;
				SWIFT_OPTIMIZATION_LEVEL = "-Onone";
				TARGETED_DEVICE_FAMILY = "1,2";
			};
			name = Debug;
		};
		A570A1FE1D083DDD00250B9F /* Release */ = {
			isa = XCBuildConfiguration;
			buildSettings = {
				ALWAYS_SEARCH_USER_PATHS = NO;
				CLANG_ANALYZER_NONNULL = YES;
				CLANG_CXX_LANGUAGE_STANDARD = "gnu++0x";
				CLANG_CXX_LIBRARY = "libc++";
				CLANG_ENABLE_MODULES = YES;
				CLANG_ENABLE_OBJC_ARC = YES;
				CLANG_WARN_BOOL_CONVERSION = YES;
				CLANG_WARN_CONSTANT_CONVERSION = YES;
				CLANG_WARN_DIRECT_OBJC_ISA_USAGE = YES_ERROR;
				CLANG_WARN_EMPTY_BODY = YES;
				CLANG_WARN_ENUM_CONVERSION = YES;
				CLANG_WARN_INT_CONVERSION = YES;
				CLANG_WARN_OBJC_ROOT_CLASS = YES_ERROR;
				CLANG_WARN_UNREACHABLE_CODE = YES;
				CLANG_WARN__DUPLICATE_METHOD_MATCH = YES;
				"CODE_SIGN_IDENTITY[sdk=iphoneos*]" = "iPhone Developer";
				COPY_PHASE_STRIP = NO;
				DEBUG_INFORMATION_FORMAT = "dwarf-with-dsym";
				ENABLE_NS_ASSERTIONS = NO;
				ENABLE_STRICT_OBJC_MSGSEND = YES;
				GCC_C_LANGUAGE_STANDARD = gnu99;
				GCC_NO_COMMON_BLOCKS = YES;
				GCC_WARN_64_TO_32_BIT_CONVERSION = YES;
				GCC_WARN_ABOUT_RETURN_TYPE = YES_ERROR;
				GCC_WARN_UNDECLARED_SELECTOR = YES;
				GCC_WARN_UNINITIALIZED_AUTOS = YES_AGGRESSIVE;
				GCC_WARN_UNUSED_FUNCTION = YES;
				GCC_WARN_UNUSED_VARIABLE = YES;
				IPHONEOS_DEPLOYMENT_TARGET = 9.3;
				MTL_ENABLE_DEBUG_INFO = NO;
				SDKROOT = iphoneos;
				TARGETED_DEVICE_FAMILY = "1,2";
				VALIDATE_PRODUCT = YES;
			};
			name = Release;
		};
		A570A2001D083DDD00250B9F /* Debug */ = {
			isa = XCBuildConfiguration;
			buildSettings = {
				ASSETCATALOG_COMPILER_APPICON_NAME = AppIcon;
				CLANG_ENABLE_MODULES = YES;
				CODE_SIGN_IDENTITY = "iPhone Developer";
				"CODE_SIGN_IDENTITY[sdk=iphoneos*]" = "iPhone Developer";
				INFOPLIST_FILE = ZipWiFiConfigurator/Info.plist;
				LD_RUNPATH_SEARCH_PATHS = "$(inherited) @executable_path/Frameworks";
				PRODUCT_BUNDLE_IDENTIFIER = com.whitespider.ZipWiFiConfigurator;
				PRODUCT_NAME = "$(TARGET_NAME)";
				PROVISIONING_PROFILE = "";
				SWIFT_OBJC_BRIDGING_HEADER = "ZipWiFiConfigurator/ZipWiFiConfigurator-Bridging-Header.h";
				SWIFT_OPTIMIZATION_LEVEL = "-Onone";
			};
			name = Debug;
		};
		A570A2011D083DDD00250B9F /* Release */ = {
			isa = XCBuildConfiguration;
			buildSettings = {
				ASSETCATALOG_COMPILER_APPICON_NAME = AppIcon;
				CLANG_ENABLE_MODULES = YES;
				CODE_SIGN_IDENTITY = "iPhone Developer";
				"CODE_SIGN_IDENTITY[sdk=iphoneos*]" = "iPhone Developer";
				INFOPLIST_FILE = ZipWiFiConfigurator/Info.plist;
				LD_RUNPATH_SEARCH_PATHS = "$(inherited) @executable_path/Frameworks";
				PRODUCT_BUNDLE_IDENTIFIER = com.whitespider.ZipWiFiConfigurator;
				PRODUCT_NAME = "$(TARGET_NAME)";
				PROVISIONING_PROFILE = "";
				SWIFT_OBJC_BRIDGING_HEADER = "ZipWiFiConfigurator/ZipWiFiConfigurator-Bridging-Header.h";
			};
			name = Release;
		};
/* End XCBuildConfiguration section */

/* Begin XCConfigurationList section */
		A570A1E61D083DDD00250B9F /* Build configuration list for PBXProject "ZipWiFiConfigurator" */ = {
			isa = XCConfigurationList;
			buildConfigurations = (
				A570A1FD1D083DDD00250B9F /* Debug */,
				A570A1FE1D083DDD00250B9F /* Release */,
			);
			defaultConfigurationIsVisible = 0;
			defaultConfigurationName = Release;
		};
		A570A1FF1D083DDD00250B9F /* Build configuration list for PBXNativeTarget "ZipWiFiConfigurator" */ = {
			isa = XCConfigurationList;
			buildConfigurations = (
				A570A2001D083DDD00250B9F /* Debug */,
				A570A2011D083DDD00250B9F /* Release */,
			);
			defaultConfigurationIsVisible = 0;
			defaultConfigurationName = Release;
		};
/* End XCConfigurationList section */
	};
	rootObject = A570A1E31D083DDD00250B9F /* Project object */;
}
